
Microsoft Visual Studio Solution File, Format Version 12.00
# Visual Studio 14
VisualStudioVersion = 14.0.22609.0
MinimumVisualStudioVersion = 10.0.40219.1
Project("{8BB2217D-0F2D-49D1-97BC-3654ED321F3B}") = "Quartz", "src\Quartz\Quartz.kproj", "{2EB9ADA3-9F3B-4EE3-A9A4-C63F2F1BA402}"
EndProject
Project("{8BB2217D-0F2D-49D1-97BC-3654ED321F3B}") = "Quartz.Examples", "src\Quartz.Examples\Quartz.Examples.kproj", "{00A75627-743F-4679-AD84-40F1EDCCEEF8}"
	ProjectSection(ProjectDependencies) = postProject
		{2EB9ADA3-9F3B-4EE3-A9A4-C63F2F1BA402} = {2EB9ADA3-9F3B-4EE3-A9A4-C63F2F1BA402}
	EndProjectSection
EndProject
Project("{8BB2217D-0F2D-49D1-97BC-3654ED321F3B}") = "Quartz.Tests.Unit", "src\Quartz.Tests.Unit\Quartz.Tests.Unit.kproj", "{D129E26E-EB11-4B88-977C-77E985910705}"
	ProjectSection(ProjectDependencies) = postProject
		{2EB9ADA3-9F3B-4EE3-A9A4-C63F2F1BA402} = {2EB9ADA3-9F3B-4EE3-A9A4-C63F2F1BA402}
	EndProjectSection
EndProject
Project("{8BB2217D-0F2D-49D1-97BC-3654ED321F3B}") = "Quartz.Tests.Integration", "src\Quartz.Tests.Integration\Quartz.Tests.Integration.kproj", "{DC4AF7A5-585D-4803-8EC1-E9D4923804DC}"
	ProjectSection(ProjectDependencies) = postProject
		{2EB9ADA3-9F3B-4EE3-A9A4-C63F2F1BA402} = {2EB9ADA3-9F3B-4EE3-A9A4-C63F2F1BA402}
	EndProjectSection
EndProject
Project("{2150E333-8FDC-42A3-9474-1A3956D46DE8}") = "Solution Items", "Solution Items", "{8957C912-E7BB-45C9-BDB3-83F75FD0BB54}"
	ProjectSection(SolutionItems) = preProject
		src\AssemblyInfo.cs = src\AssemblyInfo.cs
	EndProjectSection
EndProject
Project("{8BB2217D-0F2D-49D1-97BC-3654ED321F3B}") = "Quartz.Server", "src\Quartz.Server\Quartz.Server.kproj", "{AE5C834D-892D-4C55-8727-DB9B699DE1D1}"
	ProjectSection(ProjectDependencies) = postProject
		{2EB9ADA3-9F3B-4EE3-A9A4-C63F2F1BA402} = {2EB9ADA3-9F3B-4EE3-A9A4-C63F2F1BA402}
	EndProjectSection
EndProject
Global
	GlobalSection(SolutionConfigurationPlatforms) = preSolution
		Debug|Any CPU = Debug|Any CPU
		Release|Any CPU = Release|Any CPU
	EndGlobalSection
	GlobalSection(ProjectConfigurationPlatforms) = postSolution
		{2EB9ADA3-9F3B-4EE3-A9A4-C63F2F1BA402}.Debug|Any CPU.ActiveCfg = Debug|Any CPU
		{2EB9ADA3-9F3B-4EE3-A9A4-C63F2F1BA402}.Debug|Any CPU.Build.0 = Debug|Any CPU
		{2EB9ADA3-9F3B-4EE3-A9A4-C63F2F1BA402}.Release|Any CPU.ActiveCfg = Release|Any CPU
		{2EB9ADA3-9F3B-4EE3-A9A4-C63F2F1BA402}.Release|Any CPU.Build.0 = Release|Any CPU
		{00A75627-743F-4679-AD84-40F1EDCCEEF8}.Debug|Any CPU.ActiveCfg = Debug|Any CPU
		{00A75627-743F-4679-AD84-40F1EDCCEEF8}.Debug|Any CPU.Build.0 = Debug|Any CPU
		{00A75627-743F-4679-AD84-40F1EDCCEEF8}.Release|Any CPU.ActiveCfg = Release|Any CPU
		{00A75627-743F-4679-AD84-40F1EDCCEEF8}.Release|Any CPU.Build.0 = Release|Any CPU
		{D129E26E-EB11-4B88-977C-77E985910705}.Debug|Any CPU.ActiveCfg = Debug|Any CPU
		{D129E26E-EB11-4B88-977C-77E985910705}.Debug|Any CPU.Build.0 = Debug|Any CPU
		{D129E26E-EB11-4B88-977C-77E985910705}.Release|Any CPU.ActiveCfg = Release|Any CPU
		{D129E26E-EB11-4B88-977C-77E985910705}.Release|Any CPU.Build.0 = Release|Any CPU
		{DC4AF7A5-585D-4803-8EC1-E9D4923804DC}.Debug|Any CPU.ActiveCfg = Debug|Any CPU
		{DC4AF7A5-585D-4803-8EC1-E9D4923804DC}.Debug|Any CPU.Build.0 = Debug|Any CPU
		{DC4AF7A5-585D-4803-8EC1-E9D4923804DC}.Release|Any CPU.ActiveCfg = Release|Any CPU
		{DC4AF7A5-585D-4803-8EC1-E9D4923804DC}.Release|Any CPU.Build.0 = Release|Any CPU
		{AE5C834D-892D-4C55-8727-DB9B699DE1D1}.Debug|Any CPU.ActiveCfg = Debug|Any CPU
		{AE5C834D-892D-4C55-8727-DB9B699DE1D1}.Debug|Any CPU.Build.0 = Debug|Any CPU
		{AE5C834D-892D-4C55-8727-DB9B699DE1D1}.Release|Any CPU.ActiveCfg = Release|Any CPU
		{AE5C834D-892D-4C55-8727-DB9B699DE1D1}.Release|Any CPU.Build.0 = Release|Any CPU
	EndGlobalSection
	GlobalSection(SolutionProperties) = preSolution
		HideSolutionNode = FALSE
	EndGlobalSection
EndGlobal
