
Microsoft Visual Studio Solution File, Format Version 12.00
# Visual Studio Version 16
VisualStudioVersion = 16.0.30611.23
MinimumVisualStudioVersion = 10.0.40219.1
Project("{2150E333-8FDC-42A3-9474-1A3956D46DE8}") = "Solution Items", "Solution Items", "{7E6034DE-2AF7-42CE-B9E3-A1B3B582E6DA}"
	ProjectSection(SolutionItems) = preProject
		.editorconfig = .editorconfig
		build.cmd = build.cmd
		build.sh = build.sh
		changelog.md = changelog.md
		Directory.Build.props = Directory.Build.props
		Dockerfile = Dockerfile
		README.md = README.md
		package.json = package.json
		docker-compose.yml = docker-compose.yml
		Directory.Packages.props = Directory.Packages.props
		qodana.yaml = qodana.yaml
	EndProjectSection
EndProject
Project("{9A19103F-16F7-4668-BE54-9A1E7A4F7556}") = "Quartz", "src\Quartz\Quartz.csproj", "{0545C4AC-45BE-47C3-81B7-1592579B9C31}"
EndProject
Project("{9A19103F-16F7-4668-BE54-9A1E7A4F7556}") = "Quartz.Tests.Unit", "src\Quartz.Tests.Unit\Quartz.Tests.Unit.csproj", "{98DAF894-D837-47EC-9472-50C832AFC8B2}"
EndProject
Project("{9A19103F-16F7-4668-BE54-9A1E7A4F7556}") = "Quartz.Tests.Integration", "src\Quartz.Tests.Integration\Quartz.Tests.Integration.csproj", "{54FCAFBB-0040-4FBB-96BB-0AE9C70742B0}"
EndProject
Project("{9A19103F-16F7-4668-BE54-9A1E7A4F7556}") = "Quartz.Examples", "src\Quartz.Examples\Quartz.Examples.csproj", "{E84E25C9-B291-4F51-9599-EFB63EB59569}"
EndProject
Project("{9A19103F-16F7-4668-BE54-9A1E7A4F7556}") = "Quartz.Serialization.Newtonsoft", "src\Quartz.Serialization.Newtonsoft\Quartz.Serialization.Newtonsoft.csproj", "{CBDA9E9D-5C24-4597-96EC-C930A5F452AC}"
EndProject
Project("{9A19103F-16F7-4668-BE54-9A1E7A4F7556}") = "Quartz.Server", "src\Quartz.Server\Quartz.Server.csproj", "{09082B9A-906C-4A17-A2E5-6C947DAC7C85}"
EndProject
Project("{9A19103F-16F7-4668-BE54-9A1E7A4F7556}") = "Quartz.Jobs", "src\Quartz.Jobs\Quartz.Jobs.csproj", "{5D31C178-7349-4064-970A-223B45E913C1}"
EndProject
Project("{9A19103F-16F7-4668-BE54-9A1E7A4F7556}") = "Quartz.Plugins", "src\Quartz.Plugins\Quartz.Plugins.csproj", "{E9A60600-156A-4F3C-B080-B630D6546164}"
EndProject
Project("{9A19103F-16F7-4668-BE54-9A1E7A4F7556}") = "Quartz.Plugins.TimeZoneConverter", "src\Quartz.Plugins.TimeZoneConverter\Quartz.Plugins.TimeZoneConverter.csproj", "{88F6D094-A4CD-4B89-84FB-FBD0821A9D99}"
EndProject
Project("{9A19103F-16F7-4668-BE54-9A1E7A4F7556}") = "Quartz.AspNetCore", "src\Quartz.AspNetCore\Quartz.AspNetCore.csproj", "{0B08E122-0B16-4F86-BC02-D561EE518D9C}"
EndProject
Project("{9A19103F-16F7-4668-BE54-9A1E7A4F7556}") = "Quartz.Examples.AspNetCore", "src\Quartz.Examples.AspNetCore\Quartz.Examples.AspNetCore.csproj", "{5224231E-7678-4EC6-B18A-FA302D9553E3}"
EndProject
Project("{2150E333-8FDC-42A3-9474-1A3956D46DE8}") = "Examples", "Examples", "{FCD766DA-FF68-4A60-9130-07A56C2480F0}"
EndProject
Project("{9A19103F-16F7-4668-BE54-9A1E7A4F7556}") = "Quartz.Examples.Worker", "src\Quartz.Examples.Worker\Quartz.Examples.Worker.csproj", "{2BB03F5A-7736-42E9-A572-5D60336A9BFF}"
EndProject
Project("{9A19103F-16F7-4668-BE54-9A1E7A4F7556}") = "Quartz.Benchmark", "src\Quartz.Benchmark\Quartz.Benchmark.csproj", "{23DEAB6E-D12C-40F6-A50E-6584FEAA389C}"
EndProject
Project("{2150E333-8FDC-42A3-9474-1A3956D46DE8}") = ".github", ".github", "{354EFE76-4FA8-45C9-A3D4-585B8E00D242}"
EndProject
Project("{2150E333-8FDC-42A3-9474-1A3956D46DE8}") = "workflows", "workflows", "{BB894600-46FC-4EAD-84C8-F98622A3D012}"
ProjectSection(SolutionItems) = preProject
	.github\workflows\docs.yml = .github\workflows\docs.yml
	.github\workflows\build.yml = .github\workflows\build.yml
	.github\workflows\docs-pr.yml = .github\workflows\docs-pr.yml
	.github\workflows\pr-tests-integration-postgres.yml = .github\workflows\pr-tests-integration-postgres.yml
	.github\workflows\pr-tests-unit.yml = .github\workflows\pr-tests-unit.yml
	.github\workflows\qodana_code_quality.yml = .github\workflows\qodana_code_quality.yml
EndProjectSection
EndProject
Project("{9A19103F-16F7-4668-BE54-9A1E7A4F7556}") = "_build", "build\_build.csproj", "{1252A3D8-2CF1-4AF6-A80C-A9889634543B}"
EndProject
Project("{FAE04EC0-301F-11D3-BF4B-00C04F79EFBC}") = "Quartz.Tests.AspNetCore", "src\Quartz.Tests.AspNetCore\Quartz.Tests.AspNetCore.csproj", "{12EA4497-DCEC-4C1A-83BD-FFAFA2C01A25}"
EndProject
Project("{FAE04EC0-301F-11D3-BF4B-00C04F79EFBC}") = "Quartz.HttpClient", "src\Quartz.HttpClient\Quartz.HttpClient.csproj", "{284C8DB7-4948-422C-B1D1-1F4CE07D83CE}"
EndProject
Project("{FAE04EC0-301F-11D3-BF4B-00C04F79EFBC}") = "Quartz.Examples.HttpClient", "src\Quartz.Examples.HttpClient\Quartz.Examples.HttpClient.csproj", "{A6577639-66AB-480A-9861-027E6EE72167}"
EndProject
Project("{2150E333-8FDC-42A3-9474-1A3956D46DE8}") = "Tests", "Tests", "{32367329-6157-4580-BB06-F7DD68FC1658}"
EndProject
Project("{2150E333-8FDC-42A3-9474-1A3956D46DE8}") = "Analyzers", "Analyzers", "{CBE8BDDE-B71F-4A95-B184-E6CBEBE40231}"
	ProjectSection(SolutionItems) = preProject
		Analyzers\bannedsymbols.txt = Analyzers\bannedsymbols.txt
	EndProjectSection
EndProject
Global
	GlobalSection(SolutionConfigurationPlatforms) = preSolution
		Debug|Any CPU = Debug|Any CPU
		Release|Any CPU = Release|Any CPU
	EndGlobalSection
	GlobalSection(ProjectConfigurationPlatforms) = postSolution
		{1252A3D8-2CF1-4AF6-A80C-A9889634543B}.Debug|Any CPU.ActiveCfg = Debug|Any CPU
		{1252A3D8-2CF1-4AF6-A80C-A9889634543B}.Release|Any CPU.ActiveCfg = Release|Any CPU
		{0545C4AC-45BE-47C3-81B7-1592579B9C31}.Debug|Any CPU.ActiveCfg = Debug|Any CPU
		{0545C4AC-45BE-47C3-81B7-1592579B9C31}.Debug|Any CPU.Build.0 = Debug|Any CPU
		{0545C4AC-45BE-47C3-81B7-1592579B9C31}.Release|Any CPU.ActiveCfg = Release|Any CPU
		{0545C4AC-45BE-47C3-81B7-1592579B9C31}.Release|Any CPU.Build.0 = Release|Any CPU
		{98DAF894-D837-47EC-9472-50C832AFC8B2}.Debug|Any CPU.ActiveCfg = Debug|Any CPU
		{98DAF894-D837-47EC-9472-50C832AFC8B2}.Debug|Any CPU.Build.0 = Debug|Any CPU
		{98DAF894-D837-47EC-9472-50C832AFC8B2}.Release|Any CPU.ActiveCfg = Release|Any CPU
		{98DAF894-D837-47EC-9472-50C832AFC8B2}.Release|Any CPU.Build.0 = Release|Any CPU
		{54FCAFBB-0040-4FBB-96BB-0AE9C70742B0}.Debug|Any CPU.ActiveCfg = Debug|Any CPU
		{54FCAFBB-0040-4FBB-96BB-0AE9C70742B0}.Debug|Any CPU.Build.0 = Debug|Any CPU
		{54FCAFBB-0040-4FBB-96BB-0AE9C70742B0}.Release|Any CPU.ActiveCfg = Release|Any CPU
		{54FCAFBB-0040-4FBB-96BB-0AE9C70742B0}.Release|Any CPU.Build.0 = Release|Any CPU
		{E84E25C9-B291-4F51-9599-EFB63EB59569}.Debug|Any CPU.ActiveCfg = Debug|Any CPU
		{E84E25C9-B291-4F51-9599-EFB63EB59569}.Debug|Any CPU.Build.0 = Debug|Any CPU
		{E84E25C9-B291-4F51-9599-EFB63EB59569}.Release|Any CPU.ActiveCfg = Release|Any CPU
		{E84E25C9-B291-4F51-9599-EFB63EB59569}.Release|Any CPU.Build.0 = Release|Any CPU
		{CBDA9E9D-5C24-4597-96EC-C930A5F452AC}.Debug|Any CPU.ActiveCfg = Debug|Any CPU
		{CBDA9E9D-5C24-4597-96EC-C930A5F452AC}.Debug|Any CPU.Build.0 = Debug|Any CPU
		{CBDA9E9D-5C24-4597-96EC-C930A5F452AC}.Release|Any CPU.ActiveCfg = Release|Any CPU
		{CBDA9E9D-5C24-4597-96EC-C930A5F452AC}.Release|Any CPU.Build.0 = Release|Any CPU
		{09082B9A-906C-4A17-A2E5-6C947DAC7C85}.Debug|Any CPU.ActiveCfg = Debug|Any CPU
		{09082B9A-906C-4A17-A2E5-6C947DAC7C85}.Debug|Any CPU.Build.0 = Debug|Any CPU
		{09082B9A-906C-4A17-A2E5-6C947DAC7C85}.Release|Any CPU.ActiveCfg = Release|Any CPU
		{09082B9A-906C-4A17-A2E5-6C947DAC7C85}.Release|Any CPU.Build.0 = Release|Any CPU
		{5D31C178-7349-4064-970A-223B45E913C1}.Debug|Any CPU.ActiveCfg = Debug|Any CPU
		{5D31C178-7349-4064-970A-223B45E913C1}.Debug|Any CPU.Build.0 = Debug|Any CPU
		{5D31C178-7349-4064-970A-223B45E913C1}.Release|Any CPU.ActiveCfg = Release|Any CPU
		{5D31C178-7349-4064-970A-223B45E913C1}.Release|Any CPU.Build.0 = Release|Any CPU
		{E9A60600-156A-4F3C-B080-B630D6546164}.Debug|Any CPU.ActiveCfg = Debug|Any CPU
		{E9A60600-156A-4F3C-B080-B630D6546164}.Debug|Any CPU.Build.0 = Debug|Any CPU
		{E9A60600-156A-4F3C-B080-B630D6546164}.Release|Any CPU.ActiveCfg = Release|Any CPU
		{E9A60600-156A-4F3C-B080-B630D6546164}.Release|Any CPU.Build.0 = Release|Any CPU
		{88F6D094-A4CD-4B89-84FB-FBD0821A9D99}.Debug|Any CPU.ActiveCfg = Debug|Any CPU
		{88F6D094-A4CD-4B89-84FB-FBD0821A9D99}.Debug|Any CPU.Build.0 = Debug|Any CPU
		{88F6D094-A4CD-4B89-84FB-FBD0821A9D99}.Release|Any CPU.ActiveCfg = Release|Any CPU
		{88F6D094-A4CD-4B89-84FB-FBD0821A9D99}.Release|Any CPU.Build.0 = Release|Any CPU
		{0B08E122-0B16-4F86-BC02-D561EE518D9C}.Debug|Any CPU.ActiveCfg = Debug|Any CPU
		{0B08E122-0B16-4F86-BC02-D561EE518D9C}.Debug|Any CPU.Build.0 = Debug|Any CPU
		{0B08E122-0B16-4F86-BC02-D561EE518D9C}.Release|Any CPU.ActiveCfg = Release|Any CPU
		{0B08E122-0B16-4F86-BC02-D561EE518D9C}.Release|Any CPU.Build.0 = Release|Any CPU
		{5224231E-7678-4EC6-B18A-FA302D9553E3}.Debug|Any CPU.ActiveCfg = Debug|Any CPU
		{5224231E-7678-4EC6-B18A-FA302D9553E3}.Debug|Any CPU.Build.0 = Debug|Any CPU
		{5224231E-7678-4EC6-B18A-FA302D9553E3}.Release|Any CPU.ActiveCfg = Release|Any CPU
		{5224231E-7678-4EC6-B18A-FA302D9553E3}.Release|Any CPU.Build.0 = Release|Any CPU
		{2BB03F5A-7736-42E9-A572-5D60336A9BFF}.Debug|Any CPU.ActiveCfg = Debug|Any CPU
		{2BB03F5A-7736-42E9-A572-5D60336A9BFF}.Debug|Any CPU.Build.0 = Debug|Any CPU
		{2BB03F5A-7736-42E9-A572-5D60336A9BFF}.Release|Any CPU.ActiveCfg = Release|Any CPU
		{2BB03F5A-7736-42E9-A572-5D60336A9BFF}.Release|Any CPU.Build.0 = Release|Any CPU
		{23DEAB6E-D12C-40F6-A50E-6584FEAA389C}.Debug|Any CPU.ActiveCfg = Debug|Any CPU
		{23DEAB6E-D12C-40F6-A50E-6584FEAA389C}.Debug|Any CPU.Build.0 = Debug|Any CPU
		{23DEAB6E-D12C-40F6-A50E-6584FEAA389C}.Release|Any CPU.ActiveCfg = Release|Any CPU
		{23DEAB6E-D12C-40F6-A50E-6584FEAA389C}.Release|Any CPU.Build.0 = Release|Any CPU
		{12EA4497-DCEC-4C1A-83BD-FFAFA2C01A25}.Debug|Any CPU.ActiveCfg = Debug|Any CPU
		{12EA4497-DCEC-4C1A-83BD-FFAFA2C01A25}.Debug|Any CPU.Build.0 = Debug|Any CPU
		{12EA4497-DCEC-4C1A-83BD-FFAFA2C01A25}.Release|Any CPU.ActiveCfg = Release|Any CPU
		{12EA4497-DCEC-4C1A-83BD-FFAFA2C01A25}.Release|Any CPU.Build.0 = Release|Any CPU
		{284C8DB7-4948-422C-B1D1-1F4CE07D83CE}.Debug|Any CPU.ActiveCfg = Debug|Any CPU
		{284C8DB7-4948-422C-B1D1-1F4CE07D83CE}.Debug|Any CPU.Build.0 = Debug|Any CPU
		{284C8DB7-4948-422C-B1D1-1F4CE07D83CE}.Release|Any CPU.ActiveCfg = Release|Any CPU
		{284C8DB7-4948-422C-B1D1-1F4CE07D83CE}.Release|Any CPU.Build.0 = Release|Any CPU
		{A6577639-66AB-480A-9861-027E6EE72167}.Debug|Any CPU.ActiveCfg = Debug|Any CPU
		{A6577639-66AB-480A-9861-027E6EE72167}.Debug|Any CPU.Build.0 = Debug|Any CPU
		{A6577639-66AB-480A-9861-027E6EE72167}.Release|Any CPU.ActiveCfg = Release|Any CPU
		{A6577639-66AB-480A-9861-027E6EE72167}.Release|Any CPU.Build.0 = Release|Any CPU
	EndGlobalSection
	GlobalSection(SolutionProperties) = preSolution
		HideSolutionNode = FALSE
	EndGlobalSection
	GlobalSection(NestedProjects) = preSolution
		{E84E25C9-B291-4F51-9599-EFB63EB59569} = {FCD766DA-FF68-4A60-9130-07A56C2480F0}
		{5224231E-7678-4EC6-B18A-FA302D9553E3} = {FCD766DA-FF68-4A60-9130-07A56C2480F0}
		{2BB03F5A-7736-42E9-A572-5D60336A9BFF} = {FCD766DA-FF68-4A60-9130-07A56C2480F0}
		{354EFE76-4FA8-45C9-A3D4-585B8E00D242} = {7E6034DE-2AF7-42CE-B9E3-A1B3B582E6DA}
		{BB894600-46FC-4EAD-84C8-F98622A3D012} = {354EFE76-4FA8-45C9-A3D4-585B8E00D242}
		{A6577639-66AB-480A-9861-027E6EE72167} = {FCD766DA-FF68-4A60-9130-07A56C2480F0}
		{12EA4497-DCEC-4C1A-83BD-FFAFA2C01A25} = {32367329-6157-4580-BB06-F7DD68FC1658}
		{54FCAFBB-0040-4FBB-96BB-0AE9C70742B0} = {32367329-6157-4580-BB06-F7DD68FC1658}
		{98DAF894-D837-47EC-9472-50C832AFC8B2} = {32367329-6157-4580-BB06-F7DD68FC1658}
		{CBE8BDDE-B71F-4A95-B184-E6CBEBE40231} = {7E6034DE-2AF7-42CE-B9E3-A1B3B582E6DA}
	EndGlobalSection
	GlobalSection(ExtensibilityGlobals) = postSolution
		SolutionGuid = {A8666F1F-9B78-4A1D-A3DB-0E91324AB539}
	EndGlobalSection
EndGlobal
