Microsoft Visual Studio Solution File, Format Version 8.00
Project("{FAE04EC0-301F-11D3-BF4B-00C04F79EFBC}") = "Quartz", "src\Quartz\Quartz.csproj", "{AEF8823B-E45B-4B35-A4D0-C08C1196D017}"
	ProjectSection(ProjectDependencies) = postProject
	EndProjectSection
EndProject
Project("{FAE04EC0-301F-11D3-BF4B-00C04F79EFBC}") = "Quartz.Examples", "src\Quartz.Examples\Quartz.Examples.csproj", "{70A37974-17DE-474C-8A1C-19637622E75F}"
	ProjectSection(ProjectDependencies) = postProject
	EndProjectSection
EndProject
Project("{FAE04EC0-301F-11D3-BF4B-00C04F79EFBC}") = "Quartz.Tests.Integration", "src\Quartz.Tests.Integration\Quartz.Tests.Integration.csproj", "{5587AF00-160F-4EC1-98A2-BEABA411256C}"
	ProjectSection(ProjectDependencies) = postProject
	EndProjectSection
EndProject
Project("{FAE04EC0-301F-11D3-BF4B-00C04F79EFBC}") = "Quartz.Tests.Unit", "src\Quartz.Tests.Unit\Quartz.Tests.Unit.csproj", "{5587AF00-160F-4EC1-98A2-BEABA411256C}"
	ProjectSection(ProjectDependencies) = postProject
	EndProjectSection
EndProject
Global
	GlobalSection(SolutionConfiguration) = preSolution
		Debug = Debug
		Release = Release
	EndGlobalSection
	GlobalSection(ProjectDependencies) = postSolution
	EndGlobalSection
	GlobalSection(ProjectConfiguration) = postSolution
		{AEF8823B-E45B-4B35-A4D0-C08C1196D017}.Debug.ActiveCfg = Debug|.NET
		{AEF8823B-E45B-4B35-A4D0-C08C1196D017}.Debug.Build.0 = Debug|.NET
		{AEF8823B-E45B-4B35-A4D0-C08C1196D017}.Release.ActiveCfg = Release|.NET
		{AEF8823B-E45B-4B35-A4D0-C08C1196D017}.Release.Build.0 = Release|.NET
		{70A37974-17DE-474C-8A1C-19637622E75F}.Debug.ActiveCfg = Debug|.NET
		{70A37974-17DE-474C-8A1C-19637622E75F}.Debug.Build.0 = Debug|.NET
		{70A37974-17DE-474C-8A1C-19637622E75F}.Release.ActiveCfg = Release|.NET
		{70A37974-17DE-474C-8A1C-19637622E75F}.Release.Build.0 = Release|.NET
		{5587AF00-160F-4EC1-98A2-BEABA411256C}.Debug.ActiveCfg = Debug|.NET
		{5587AF00-160F-4EC1-98A2-BEABA411256C}.Debug.Build.0 = Debug|.NET
		{5587AF00-160F-4EC1-98A2-BEABA411256C}.Release.ActiveCfg = Release|.NET
		{5587AF00-160F-4EC1-98A2-BEABA411256C}.Release.Build.0 = Release|.NET
		{5587AF00-160F-4EC1-98A2-BEABA411256C}.Debug.ActiveCfg = Debug|.NET
		{5587AF00-160F-4EC1-98A2-BEABA411256C}.Debug.Build.0 = Debug|.NET
		{5587AF00-160F-4EC1-98A2-BEABA411256C}.Release.ActiveCfg = Release|.NET
		{5587AF00-160F-4EC1-98A2-BEABA411256C}.Release.Build.0 = Release|.NET
	EndGlobalSection
	GlobalSection(ExtensibilityGlobals) = postSolution
	EndGlobalSection
	GlobalSection(ExtensibilityAddIns) = postSolution
	EndGlobalSection
EndGlobal
